{
  "requires": true,
  "lockfileVersion": 1,
  "dependencies": {
    "@ant-design/colors": {
      "version": "4.0.1",
      "resolved": "https://registry.npmjs.org/@ant-design/colors/-/colors-4.0.1.tgz",
      "integrity": "sha512-7+kmbxCHw0l7JAKCxtUdaR7WxdeGX5i51EAds1eYfSPHi5f+RbIl45tglnCnjPlrFY5o0sekda6BrTDphjajUQ==",
      "requires": {
        "tinycolor2": "^1.4.1"
      }
    },
    "react-image-file-resizer": {
      "version": "0.3.1",
      "resolved": "https://registry.npmjs.org/react-image-file-resizer/-/react-image-file-resizer-0.3.1.tgz",
      "integrity": "sha512-hP6qXLyOFhPwaz+tkufsDiaHgnl5NlBVl208xlW6nlQBylzkmMCwtNCOZYgEie0sUSUYKVaTrQsbfhXxV20fbQ=="
    },
    "tinycolor2": {
      "version": "1.4.1",
      "resolved": "https://registry.npmjs.org/tinycolor2/-/tinycolor2-1.4.1.tgz",
      "integrity": "sha1-9PrTM0R7wLB9TcjpIJ2POaisd+g="
    }
  }
}
